{
  "name": "alanTuring_posts",
  "lockfileVersion": 2,
  "requires": true,
  "packages": {
    "": {
      "dependencies": {
        "vue-cookies": "^1.8.2"
      }
    },
    "node_modules/vue-cookies": {
      "version": "1.8.2",
      "resolved": "https://registry.npmjs.org/vue-cookies/-/vue-cookies-1.8.2.tgz",
      "integrity": "sha512-+NfoC5l+7ybuVwpnqsf52qndnoYMjEb4EFhX4/j9RzzQP00dNzuJELsWuW2p8omNUzNlSgWGVyyWoOeJr347tw=="
    }
  },
  "dependencies": {
    "vue-cookies": {
      "version": "1.8.2",
      "resolved": "https://registry.npmjs.org/vue-cookies/-/vue-cookies-1.8.2.tgz",
      "integrity": "sha512-+NfoC5l+7ybuVwpnqsf52qndnoYMjEb4EFhX4/j9RzzQP00dNzuJELsWuW2p8omNUzNlSgWGVyyWoOeJr347tw=="
    }
  }
}
